
Microsoft Visual Studio Solution File, Format Version 12.00
# Visual Studio Version 17
VisualStudioVersion = 17.2.32526.322
MinimumVisualStudioVersion = 10.0.40219.1
Project("{FAE04EC0-301F-11D3-BF4B-00C04F79EFBC}") = "RhombusOfStars", "RhombusOfStars\RhombusOfStars.csproj", "{55CE43E2-1124-45B4-879A-A58D60EA08E5}"
EndProject
Project("{FAE04EC0-301F-11D3-BF4B-00C04F79EFBC}") = "PointInRectangle", "PointInRectangle\PointInRectangle.csproj", "{D3D207A0-9A0B-49D7-8D59-DE8D035F669C}"
EndProject
Project("{FAE04EC0-301F-11D3-BF4B-00C04F79EFBC}") = "StudentSystem", "StudentSystem\StudentSystem.csproj", "{A168AD87-49CE-4A3F-A59A-7298D9DC368B}"
EndProject
Project("{FAE04EC0-301F-11D3-BF4B-00C04F79EFBC}") = "HotelReservation", "HotelReservation\HotelReservation.csproj", "{87C78B46-09A9-47D2-BDD1-5DAE2053D754}"
EndProject
Global
	GlobalSection(SolutionConfigurationPlatforms) = preSolution
		Debug|Any CPU = Debug|Any CPU
		Release|Any CPU = Release|Any CPU
	EndGlobalSection
	GlobalSection(ProjectConfigurationPlatforms) = postSolution
		{55CE43E2-1124-45B4-879A-A58D60EA08E5}.Debug|Any CPU.ActiveCfg = Debug|Any CPU
		{55CE43E2-1124-45B4-879A-A58D60EA08E5}.Debug|Any CPU.Build.0 = Debug|Any CPU
		{55CE43E2-1124-45B4-879A-A58D60EA08E5}.Release|Any CPU.ActiveCfg = Release|Any CPU
		{55CE43E2-1124-45B4-879A-A58D60EA08E5}.Release|Any CPU.Build.0 = Release|Any CPU
		{D3D207A0-9A0B-49D7-8D59-DE8D035F669C}.Debug|Any CPU.ActiveCfg = Debug|Any CPU
		{D3D207A0-9A0B-49D7-8D59-DE8D035F669C}.Debug|Any CPU.Build.0 = Debug|Any CPU
		{D3D207A0-9A0B-49D7-8D59-DE8D035F669C}.Release|Any CPU.ActiveCfg = Release|Any CPU
		{D3D207A0-9A0B-49D7-8D59-DE8D035F669C}.Release|Any CPU.Build.0 = Release|Any CPU
		{A168AD87-49CE-4A3F-A59A-7298D9DC368B}.Debug|Any CPU.ActiveCfg = Debug|Any CPU
		{A168AD87-49CE-4A3F-A59A-7298D9DC368B}.Debug|Any CPU.Build.0 = Debug|Any CPU
		{A168AD87-49CE-4A3F-A59A-7298D9DC368B}.Release|Any CPU.ActiveCfg = Release|Any CPU
		{A168AD87-49CE-4A3F-A59A-7298D9DC368B}.Release|Any CPU.Build.0 = Release|Any CPU
		{87C78B46-09A9-47D2-BDD1-5DAE2053D754}.Debug|Any CPU.ActiveCfg = Debug|Any CPU
		{87C78B46-09A9-47D2-BDD1-5DAE2053D754}.Debug|Any CPU.Build.0 = Debug|Any CPU
		{87C78B46-09A9-47D2-BDD1-5DAE2053D754}.Release|Any CPU.ActiveCfg = Release|Any CPU
		{87C78B46-09A9-47D2-BDD1-5DAE2053D754}.Release|Any CPU.Build.0 = Release|Any CPU
	EndGlobalSection
	GlobalSection(SolutionProperties) = preSolution
		HideSolutionNode = FALSE
	EndGlobalSection
	GlobalSection(ExtensibilityGlobals) = postSolution
		SolutionGuid = {9198EA1D-9CD1-4CED-B3B6-92E50D51A15F}
	EndGlobalSection
EndGlobal
